// !$*UTF8*$!
{
	archiveVersion = 1;
	classes = {
	};
	objectVersion = 56;
	objects = {

/* Begin PBXBuildFile section */
		0908AEC42C9B950200F13C0E /* DataService.swift in Sources */ = {isa = PBXBuildFile; fileRef = 0908AEC32C9B950200F13C0E /* DataService.swift */; };
		0908AEC62C9B954C00F13C0E /* FirebaseDataService.swift in Sources */ = {isa = PBXBuildFile; fileRef = 0908AEC52C9B954C00F13C0E /* FirebaseDataService.swift */; };
		0908AEC82C9B965A00F13C0E /* TaggingView.swift in Sources */ = {isa = PBXBuildFile; fileRef = 0908AEC72C9B965A00F13C0E /* TaggingView.swift */; };
		0908AECB2C9B9C8900F13C0E /* FirebaseFirestore in Frameworks */ = {isa = PBXBuildFile; productRef = 0908AECA2C9B9C8900F13C0E /* FirebaseFirestore */; };
		0908AECD2C9B9C9200F13C0E /* FirebaseStorage in Frameworks */ = {isa = PBXBuildFile; productRef = 0908AECC2C9B9C9200F13C0E /* FirebaseStorage */; };
		090F42C42A67A5E90035774E /* SmileApp.swift in Sources */ = {isa = PBXBuildFile; fileRef = 090F42C32A67A5E90035774E /* SmileApp.swift */; };
		090F42C62A67A5E90035774E /* HomeView.swift in Sources */ = {isa = PBXBuildFile; fileRef = 090F42C52A67A5E90035774E /* HomeView.swift */; };
		090F42C82A67A5EA0035774E /* Assets.xcassets in Resources */ = {isa = PBXBuildFile; fileRef = 090F42C72A67A5EA0035774E /* Assets.xcassets */; };
		090F42CB2A67A5EA0035774E /* Preview Assets.xcassets in Resources */ = {isa = PBXBuildFile; fileRef = 090F42CA2A67A5EA0035774E /* Preview Assets.xcassets */; };
		094627E72C50912200C8FE90 /* User.swift in Sources */ = {isa = PBXBuildFile; fileRef = 094627E62C50912200C8FE90 /* User.swift */; };
		094627E92C50913800C8FE90 /* Post.swift in Sources */ = {isa = PBXBuildFile; fileRef = 094627E82C50913800C8FE90 /* Post.swift */; };
		094627EB2C5091AA00C8FE90 /* ContentView.swift in Sources */ = {isa = PBXBuildFile; fileRef = 094627EA2C5091AA00C8FE90 /* ContentView.swift */; };
		094627ED2C5091B700C8FE90 /* LoginView.swift in Sources */ = {isa = PBXBuildFile; fileRef = 094627EC2C5091B700C8FE90 /* LoginView.swift */; };
		094627F12C5091F600C8FE90 /* UserViewModel.swift in Sources */ = {isa = PBXBuildFile; fileRef = 094627F02C5091F600C8FE90 /* UserViewModel.swift */; };
		094627F32C5091FE00C8FE90 /* FeedViewModel.swift in Sources */ = {isa = PBXBuildFile; fileRef = 094627F22C5091FE00C8FE90 /* FeedViewModel.swift */; };
		094627F52C50920E00C8FE90 /* AuthService.swift in Sources */ = {isa = PBXBuildFile; fileRef = 094627F42C50920E00C8FE90 /* AuthService.swift */; };
		094627F72C50921E00C8FE90 /* NetworkService.swift in Sources */ = {isa = PBXBuildFile; fileRef = 094627F62C50921E00C8FE90 /* NetworkService.swift */; };
		094627F92C50922A00C8FE90 /* Constants.swift in Sources */ = {isa = PBXBuildFile; fileRef = 094627F82C50922A00C8FE90 /* Constants.swift */; };
		094627FB2C50930600C8FE90 /* AuthViewModel.swift in Sources */ = {isa = PBXBuildFile; fileRef = 094627FA2C50930600C8FE90 /* AuthViewModel.swift */; };
		094627FE2C6346A400C8FE90 /* FirebaseAnalytics in Frameworks */ = {isa = PBXBuildFile; productRef = 094627FD2C6346A400C8FE90 /* FirebaseAnalytics */; };
		094628002C6346A400C8FE90 /* FirebaseAuth in Frameworks */ = {isa = PBXBuildFile; productRef = 094627FF2C6346A400C8FE90 /* FirebaseAuth */; };
		098AF2A42CA4D9710095B1CD /* GoogleService-Info.plist in Resources */ = {isa = PBXBuildFile; fileRef = 098AF2A32CA4D9710095B1CD /* GoogleService-Info.plist */; };
		09E28BC02A78B11F00C003A1 /* ProfileView.swift in Sources */ = {isa = PBXBuildFile; fileRef = 09E28BBF2A78B11F00C003A1 /* ProfileView.swift */; };
		09E28BC42A78B13700C003A1 /* UploadView.swift in Sources */ = {isa = PBXBuildFile; fileRef = 09E28BC32A78B13700C003A1 /* UploadView.swift */; };
		09E28BC62A78B14A00C003A1 /* GroupsView.swift in Sources */ = {isa = PBXBuildFile; fileRef = 09E28BC52A78B14A00C003A1 /* GroupsView.swift */; };
		09E28BC82A78B15100C003A1 /* MainView.swift in Sources */ = {isa = PBXBuildFile; fileRef = 09E28BC72A78B15100C003A1 /* MainView.swift */; };
		09E28BCA2A78B1AD00C003A1 /* SearchView.swift in Sources */ = {isa = PBXBuildFile; fileRef = 09E28BC92A78B1AD00C003A1 /* SearchView.swift */; };
/* End PBXBuildFile section */

/* Begin PBXFileReference section */
		0908AEC32C9B950200F13C0E /* DataService.swift */ = {isa = PBXFileReference; lastKnownFileType = sourcecode.swift; path = DataService.swift; sourceTree = "<group>"; };
		0908AEC52C9B954C00F13C0E /* FirebaseDataService.swift */ = {isa = PBXFileReference; lastKnownFileType = sourcecode.swift; path = FirebaseDataService.swift; sourceTree = "<group>"; };
		0908AEC72C9B965A00F13C0E /* TaggingView.swift */ = {isa = PBXFileReference; lastKnownFileType = sourcecode.swift; path = TaggingView.swift; sourceTree = "<group>"; };
		090F42C02A67A5E90035774E /* Smile.app */ = {isa = PBXFileReference; explicitFileType = wrapper.application; includeInIndex = 0; path = Smile.app; sourceTree = BUILT_PRODUCTS_DIR; };
		090F42C32A67A5E90035774E /* SmileApp.swift */ = {isa = PBXFileReference; lastKnownFileType = sourcecode.swift; path = SmileApp.swift; sourceTree = "<group>"; };
		090F42C52A67A5E90035774E /* HomeView.swift */ = {isa = PBXFileReference; lastKnownFileType = sourcecode.swift; path = HomeView.swift; sourceTree = "<group>"; };
		090F42C72A67A5EA0035774E /* Assets.xcassets */ = {isa = PBXFileReference; lastKnownFileType = folder.assetcatalog; path = Assets.xcassets; sourceTree = "<group>"; };
		090F42CA2A67A5EA0035774E /* Preview Assets.xcassets */ = {isa = PBXFileReference; lastKnownFileType = folder.assetcatalog; path = "Preview Assets.xcassets"; sourceTree = "<group>"; };
		094627E62C50912200C8FE90 /* User.swift */ = {isa = PBXFileReference; lastKnownFileType = sourcecode.swift; path = User.swift; sourceTree = "<group>"; };
		094627E82C50913800C8FE90 /* Post.swift */ = {isa = PBXFileReference; lastKnownFileType = sourcecode.swift; path = Post.swift; sourceTree = "<group>"; };
		094627EA2C5091AA00C8FE90 /* ContentView.swift */ = {isa = PBXFileReference; lastKnownFileType = sourcecode.swift; path = ContentView.swift; sourceTree = "<group>"; };
		094627EC2C5091B700C8FE90 /* LoginView.swift */ = {isa = PBXFileReference; lastKnownFileType = sourcecode.swift; path = LoginView.swift; sourceTree = "<group>"; };
		094627F02C5091F600C8FE90 /* UserViewModel.swift */ = {isa = PBXFileReference; lastKnownFileType = sourcecode.swift; path = UserViewModel.swift; sourceTree = "<group>"; };
		094627F22C5091FE00C8FE90 /* FeedViewModel.swift */ = {isa = PBXFileReference; lastKnownFileType = sourcecode.swift; path = FeedViewModel.swift; sourceTree = "<group>"; };
		094627F42C50920E00C8FE90 /* AuthService.swift */ = {isa = PBXFileReference; lastKnownFileType = sourcecode.swift; path = AuthService.swift; sourceTree = "<group>"; };
		094627F62C50921E00C8FE90 /* NetworkService.swift */ = {isa = PBXFileReference; lastKnownFileType = sourcecode.swift; path = NetworkService.swift; sourceTree = "<group>"; };
		094627F82C50922A00C8FE90 /* Constants.swift */ = {isa = PBXFileReference; lastKnownFileType = sourcecode.swift; path = Constants.swift; sourceTree = "<group>"; };
		094627FA2C50930600C8FE90 /* AuthViewModel.swift */ = {isa = PBXFileReference; lastKnownFileType = sourcecode.swift; path = AuthViewModel.swift; sourceTree = "<group>"; };
		098AF2A32CA4D9710095B1CD /* GoogleService-Info.plist */ = {isa = PBXFileReference; lastKnownFileType = text.plist.xml; path = "GoogleService-Info.plist"; sourceTree = "<group>"; };
		09E28BBF2A78B11F00C003A1 /* ProfileView.swift */ = {isa = PBXFileReference; lastKnownFileType = sourcecode.swift; path = ProfileView.swift; sourceTree = "<group>"; };
		09E28BC32A78B13700C003A1 /* UploadView.swift */ = {isa = PBXFileReference; lastKnownFileType = sourcecode.swift; path = UploadView.swift; sourceTree = "<group>"; };
		09E28BC52A78B14A00C003A1 /* GroupsView.swift */ = {isa = PBXFileReference; lastKnownFileType = sourcecode.swift; path = GroupsView.swift; sourceTree = "<group>"; };
		09E28BC72A78B15100C003A1 /* MainView.swift */ = {isa = PBXFileReference; lastKnownFileType = sourcecode.swift; path = MainView.swift; sourceTree = "<group>"; };
		09E28BC92A78B1AD00C003A1 /* SearchView.swift */ = {isa = PBXFileReference; lastKnownFileType = sourcecode.swift; path = SearchView.swift; sourceTree = "<group>"; };
/* End PBXFileReference section */

/* Begin PBXFrameworksBuildPhase section */
		090F42BD2A67A5E90035774E /* Frameworks */ = {
			isa = PBXFrameworksBuildPhase;
			buildActionMask = 2147483647;
			files = (
				094627FE2C6346A400C8FE90 /* FirebaseAnalytics in Frameworks */,
				0908AECD2C9B9C9200F13C0E /* FirebaseStorage in Frameworks */,
				094628002C6346A400C8FE90 /* FirebaseAuth in Frameworks */,
				0908AECB2C9B9C8900F13C0E /* FirebaseFirestore in Frameworks */,
			);
			runOnlyForDeploymentPostprocessing = 0;
		};
/* End PBXFrameworksBuildPhase section */

/* Begin PBXGroup section */
		0908AEC92C9B9C8900F13C0E /* Frameworks */ = {
			isa = PBXGroup;
			children = (
			);
			name = Frameworks;
			sourceTree = "<group>";
		};
		090F42B72A67A5E90035774E = {
			isa = PBXGroup;
			children = (
				098AF2A32CA4D9710095B1CD /* GoogleService-Info.plist */,
				090F42C22A67A5E90035774E /* Smile */,
				090F42C12A67A5E90035774E /* Products */,
				0908AEC92C9B9C8900F13C0E /* Frameworks */,
			);
			sourceTree = "<group>";
		};
		090F42C12A67A5E90035774E /* Products */ = {
			isa = PBXGroup;
			children = (
				090F42C02A67A5E90035774E /* Smile.app */,
			);
			name = Products;
			sourceTree = "<group>";
		};
		090F42C22A67A5E90035774E /* Smile */ = {
			isa = PBXGroup;
			children = (
				094627E52C5090E600C8FE90 /* Resources */,
				094627E42C5090DF00C8FE90 /* Utils */,
				094627E32C5090D900C8FE90 /* Services */,
				094627E22C5090D000C8FE90 /* ViewModels */,
				094627E12C5090C800C8FE90 /* Views */,
				094627E02C5090C200C8FE90 /* Models */,
				090F42C32A67A5E90035774E /* SmileApp.swift */,
				090F42C72A67A5EA0035774E /* Assets.xcassets */,
				090F42C92A67A5EA0035774E /* Preview Content */,
			);
			path = Smile;
			sourceTree = "<group>";
		};
		090F42C92A67A5EA0035774E /* Preview Content */ = {
			isa = PBXGroup;
			children = (
				090F42CA2A67A5EA0035774E /* Preview Assets.xcassets */,
			);
			path = "Preview Content";
			sourceTree = "<group>";
		};
		094627E02C5090C200C8FE90 /* Models */ = {
			isa = PBXGroup;
			children = (
				094627E62C50912200C8FE90 /* User.swift */,
				094627E82C50913800C8FE90 /* Post.swift */,
			);
			path = Models;
			sourceTree = "<group>";
		};
		094627E12C5090C800C8FE90 /* Views */ = {
			isa = PBXGroup;
			children = (
				09E28BBF2A78B11F00C003A1 /* ProfileView.swift */,
				09E28BC72A78B15100C003A1 /* MainView.swift */,
				09E28BC92A78B1AD00C003A1 /* SearchView.swift */,
				09E28BC52A78B14A00C003A1 /* GroupsView.swift */,
				09E28BC32A78B13700C003A1 /* UploadView.swift */,
				090F42C52A67A5E90035774E /* HomeView.swift */,
				094627EA2C5091AA00C8FE90 /* ContentView.swift */,
				094627EC2C5091B700C8FE90 /* LoginView.swift */,
				0908AEC72C9B965A00F13C0E /* TaggingView.swift */,
			);
			path = Views;
			sourceTree = "<group>";
		};
		094627E22C5090D000C8FE90 /* ViewModels */ = {
			isa = PBXGroup;
			children = (
				094627F02C5091F600C8FE90 /* UserViewModel.swift */,
				094627F22C5091FE00C8FE90 /* FeedViewModel.swift */,
				094627FA2C50930600C8FE90 /* AuthViewModel.swift */,
			);
			path = ViewModels;
			sourceTree = "<group>";
		};
		094627E32C5090D900C8FE90 /* Services */ = {
			isa = PBXGroup;
			children = (
				094627F42C50920E00C8FE90 /* AuthService.swift */,
				094627F62C50921E00C8FE90 /* NetworkService.swift */,
				0908AEC32C9B950200F13C0E /* DataService.swift */,
				0908AEC52C9B954C00F13C0E /* FirebaseDataService.swift */,
			);
			path = Services;
			sourceTree = "<group>";
		};
		094627E42C5090DF00C8FE90 /* Utils */ = {
			isa = PBXGroup;
			children = (
				094627F82C50922A00C8FE90 /* Constants.swift */,
			);
			path = Utils;
			sourceTree = "<group>";
		};
		094627E52C5090E600C8FE90 /* Resources */ = {
			isa = PBXGroup;
			children = (
			);
			path = Resources;
			sourceTree = "<group>";
		};
/* End PBXGroup section */

/* Begin PBXNativeTarget section */
		090F42BF2A67A5E90035774E /* Smile */ = {
			isa = PBXNativeTarget;
			buildConfigurationList = 090F42CE2A67A5EA0035774E /* Build configuration list for PBXNativeTarget "Smile" */;
			buildPhases = (
				090F42BC2A67A5E90035774E /* Sources */,
				090F42BD2A67A5E90035774E /* Frameworks */,
				090F42BE2A67A5E90035774E /* Resources */,
			);
			buildRules = (
			);
			dependencies = (
			);
			name = Smile;
			packageProductDependencies = (
				094627FD2C6346A400C8FE90 /* FirebaseAnalytics */,
				094627FF2C6346A400C8FE90 /* FirebaseAuth */,
				0908AECA2C9B9C8900F13C0E /* FirebaseFirestore */,
				0908AECC2C9B9C9200F13C0E /* FirebaseStorage */,
			);
			productName = Smile;
			productReference = 090F42C02A67A5E90035774E /* Smile.app */;
			productType = "com.apple.product-type.application";
		};
/* End PBXNativeTarget section */

/* Begin PBXProject section */
		090F42B82A67A5E90035774E /* Project object */ = {
			isa = PBXProject;
			attributes = {
				BuildIndependentTargetsInParallel = 1;
				LastSwiftUpdateCheck = 1430;
				LastUpgradeCheck = 1430;
				TargetAttributes = {
					090F42BF2A67A5E90035774E = {
						CreatedOnToolsVersion = 14.3.1;
					};
				};
			};
			buildConfigurationList = 090F42BB2A67A5E90035774E /* Build configuration list for PBXProject "Smile" */;
			compatibilityVersion = "Xcode 14.0";
			developmentRegion = en;
			hasScannedForEncodings = 0;
			knownRegions = (
				en,
				Base,
			);
			mainGroup = 090F42B72A67A5E90035774E;
			packageReferences = (
				094627FC2C6346A400C8FE90 /* XCRemoteSwiftPackageReference "firebase-ios-sdk" */,
			);
			productRefGroup = 090F42C12A67A5E90035774E /* Products */;
			projectDirPath = "";
			projectRoot = "";
			targets = (
				090F42BF2A67A5E90035774E /* Smile */,
			);
		};
/* End PBXProject section */

/* Begin PBXResourcesBuildPhase section */
		090F42BE2A67A5E90035774E /* Resources */ = {
			isa = PBXResourcesBuildPhase;
			buildActionMask = 2147483647;
			files = (
				090F42CB2A67A5EA0035774E /* Preview Assets.xcassets in Resources */,
				090F42C82A67A5EA0035774E /* Assets.xcassets in Resources */,
				098AF2A42CA4D9710095B1CD /* GoogleService-Info.plist in Resources */,
			);
			runOnlyForDeploymentPostprocessing = 0;
		};
/* End PBXResourcesBuildPhase section */

/* Begin PBXSourcesBuildPhase section */
		090F42BC2A67A5E90035774E /* Sources */ = {
			isa = PBXSourcesBuildPhase;
			buildActionMask = 2147483647;
			files = (
				0908AEC62C9B954C00F13C0E /* FirebaseDataService.swift in Sources */,
				094627F32C5091FE00C8FE90 /* FeedViewModel.swift in Sources */,
				094627F92C50922A00C8FE90 /* Constants.swift in Sources */,
				09E28BC62A78B14A00C003A1 /* GroupsView.swift in Sources */,
				09E28BC82A78B15100C003A1 /* MainView.swift in Sources */,
				09E28BC42A78B13700C003A1 /* UploadView.swift in Sources */,
				09E28BCA2A78B1AD00C003A1 /* SearchView.swift in Sources */,
				094627E72C50912200C8FE90 /* User.swift in Sources */,
				094627FB2C50930600C8FE90 /* AuthViewModel.swift in Sources */,
				090F42C62A67A5E90035774E /* HomeView.swift in Sources */,
				0908AEC42C9B950200F13C0E /* DataService.swift in Sources */,
				094627EB2C5091AA00C8FE90 /* ContentView.swift in Sources */,
				0908AEC82C9B965A00F13C0E /* TaggingView.swift in Sources */,
				094627E92C50913800C8FE90 /* Post.swift in Sources */,
				094627F72C50921E00C8FE90 /* NetworkService.swift in Sources */,
				094627F12C5091F600C8FE90 /* UserViewModel.swift in Sources */,
				094627ED2C5091B700C8FE90 /* LoginView.swift in Sources */,
				094627F52C50920E00C8FE90 /* AuthService.swift in Sources */,
				09E28BC02A78B11F00C003A1 /* ProfileView.swift in Sources */,
				090F42C42A67A5E90035774E /* SmileApp.swift in Sources */,
			);
			runOnlyForDeploymentPostprocessing = 0;
		};
/* End PBXSourcesBuildPhase section */

/* Begin XCBuildConfiguration section */
		090F42CC2A67A5EA0035774E /* Debug */ = {
			isa = XCBuildConfiguration;
			buildSettings = {
				ALWAYS_SEARCH_USER_PATHS = NO;
				CLANG_ANALYZER_NONNULL = YES;
				CLANG_ANALYZER_NUMBER_OBJECT_CONVERSION = YES_AGGRESSIVE;
				CLANG_CXX_LANGUAGE_STANDARD = "gnu++20";
				CLANG_ENABLE_MODULES = YES;
				CLANG_ENABLE_OBJC_ARC = YES;
				CLANG_ENABLE_OBJC_WEAK = YES;
				CLANG_WARN_BLOCK_CAPTURE_AUTORELEASING = YES;
				CLANG_WARN_BOOL_CONVERSION = YES;
				CLANG_WARN_COMMA = YES;
				CLANG_WARN_CONSTANT_CONVERSION = YES;
				CLANG_WARN_DEPRECATED_OBJC_IMPLEMENTATIONS = YES;
				CLANG_WARN_DIRECT_OBJC_ISA_USAGE = YES_ERROR;
				CLANG_WARN_DOCUMENTATION_COMMENTS = YES;
				CLANG_WARN_EMPTY_BODY = YES;
				CLANG_WARN_ENUM_CONVERSION = YES;
				CLANG_WARN_INFINITE_RECURSION = YES;
				CLANG_WARN_INT_CONVERSION = YES;
				CLANG_WARN_NON_LITERAL_NULL_CONVERSION = YES;
				CLANG_WARN_OBJC_IMPLICIT_RETAIN_SELF = YES;
				CLANG_WARN_OBJC_LITERAL_CONVERSION = YES;
				CLANG_WARN_OBJC_ROOT_CLASS = YES_ERROR;
				CLANG_WARN_QUOTED_INCLUDE_IN_FRAMEWORK_HEADER = YES;
				CLANG_WARN_RANGE_LOOP_ANALYSIS = YES;
				CLANG_WARN_STRICT_PROTOTYPES = YES;
				CLANG_WARN_SUSPICIOUS_MOVE = YES;
				CLANG_WARN_UNGUARDED_AVAILABILITY = YES_AGGRESSIVE;
				CLANG_WARN_UNREACHABLE_CODE = YES;
				CLANG_WARN__DUPLICATE_METHOD_MATCH = YES;
				COPY_PHASE_STRIP = NO;
				DEBUG_INFORMATION_FORMAT = dwarf;
				ENABLE_STRICT_OBJC_MSGSEND = YES;
				ENABLE_TESTABILITY = YES;
				GCC_C_LANGUAGE_STANDARD = gnu11;
				GCC_DYNAMIC_NO_PIC = NO;
				GCC_NO_COMMON_BLOCKS = YES;
				GCC_OPTIMIZATION_LEVEL = 0;
				GCC_PREPROCESSOR_DEFINITIONS = (
					"DEBUG=1",
					"$(inherited)",
				);
				GCC_WARN_64_TO_32_BIT_CONVERSION = YES;
				GCC_WARN_ABOUT_RETURN_TYPE = YES_ERROR;
				GCC_WARN_UNDECLARED_SELECTOR = YES;
				GCC_WARN_UNINITIALIZED_AUTOS = YES_AGGRESSIVE;
				GCC_WARN_UNUSED_FUNCTION = YES;
				GCC_WARN_UNUSED_VARIABLE = YES;
				IPHONEOS_DEPLOYMENT_TARGET = 16.4;
				MTL_ENABLE_DEBUG_INFO = INCLUDE_SOURCE;
				MTL_FAST_MATH = YES;
				ONLY_ACTIVE_ARCH = YES;
				SDKROOT = iphoneos;
				SWIFT_ACTIVE_COMPILATION_CONDITIONS = DEBUG;
				SWIFT_OPTIMIZATION_LEVEL = "-Onone";
			};
			name = Debug;
		};
		090F42CD2A67A5EA0035774E /* Release */ = {
			isa = XCBuildConfiguration;
			buildSettings = {
				ALWAYS_SEARCH_USER_PATHS = NO;
				CLANG_ANALYZER_NONNULL = YES;
				CLANG_ANALYZER_NUMBER_OBJECT_CONVERSION = YES_AGGRESSIVE;
				CLANG_CXX_LANGUAGE_STANDARD = "gnu++20";
				CLANG_ENABLE_MODULES = YES;
				CLANG_ENABLE_OBJC_ARC = YES;
				CLANG_ENABLE_OBJC_WEAK = YES;
				CLANG_WARN_BLOCK_CAPTURE_AUTORELEASING = YES;
				CLANG_WARN_BOOL_CONVERSION = YES;
				CLANG_WARN_COMMA = YES;
				CLANG_WARN_CONSTANT_CONVERSION = YES;
				CLANG_WARN_DEPRECATED_OBJC_IMPLEMENTATIONS = YES;
				CLANG_WARN_DIRECT_OBJC_ISA_USAGE = YES_ERROR;
				CLANG_WARN_DOCUMENTATION_COMMENTS = YES;
				CLANG_WARN_EMPTY_BODY = YES;
				CLANG_WARN_ENUM_CONVERSION = YES;
				CLANG_WARN_INFINITE_RECURSION = YES;
				CLANG_WARN_INT_CONVERSION = YES;
				CLANG_WARN_NON_LITERAL_NULL_CONVERSION = YES;
				CLANG_WARN_OBJC_IMPLICIT_RETAIN_SELF = YES;
				CLANG_WARN_OBJC_LITERAL_CONVERSION = YES;
				CLANG_WARN_OBJC_ROOT_CLASS = YES_ERROR;
				CLANG_WARN_QUOTED_INCLUDE_IN_FRAMEWORK_HEADER = YES;
				CLANG_WARN_RANGE_LOOP_ANALYSIS = YES;
				CLANG_WARN_STRICT_PROTOTYPES = YES;
				CLANG_WARN_SUSPICIOUS_MOVE = YES;
				CLANG_WARN_UNGUARDED_AVAILABILITY = YES_AGGRESSIVE;
				CLANG_WARN_UNREACHABLE_CODE = YES;
				CLANG_WARN__DUPLICATE_METHOD_MATCH = YES;
				COPY_PHASE_STRIP = NO;
				DEBUG_INFORMATION_FORMAT = "dwarf-with-dsym";
				ENABLE_NS_ASSERTIONS = NO;
				ENABLE_STRICT_OBJC_MSGSEND = YES;
				GCC_C_LANGUAGE_STANDARD = gnu11;
				GCC_NO_COMMON_BLOCKS = YES;
				GCC_WARN_64_TO_32_BIT_CONVERSION = YES;
				GCC_WARN_ABOUT_RETURN_TYPE = YES_ERROR;
				GCC_WARN_UNDECLARED_SELECTOR = YES;
				GCC_WARN_UNINITIALIZED_AUTOS = YES_AGGRESSIVE;
				GCC_WARN_UNUSED_FUNCTION = YES;
				GCC_WARN_UNUSED_VARIABLE = YES;
				IPHONEOS_DEPLOYMENT_TARGET = 16.4;
				MTL_ENABLE_DEBUG_INFO = NO;
				MTL_FAST_MATH = YES;
				SDKROOT = iphoneos;
				SWIFT_COMPILATION_MODE = wholemodule;
				SWIFT_OPTIMIZATION_LEVEL = "-O";
				VALIDATE_PRODUCT = YES;
			};
			name = Release;
		};
		090F42CF2A67A5EA0035774E /* Debug */ = {
			isa = XCBuildConfiguration;
			buildSettings = {
				ASSETCATALOG_COMPILER_APPICON_NAME = AppIcon;
				ASSETCATALOG_COMPILER_GLOBAL_ACCENT_COLOR_NAME = AccentColor;
				CODE_SIGN_STYLE = Automatic;
				CURRENT_PROJECT_VERSION = 1;
				DEVELOPMENT_ASSET_PATHS = "\"Smile/Preview Content\"";
				DEVELOPMENT_TEAM = C74JA4P6VX;
				ENABLE_PREVIEWS = YES;
				GENERATE_INFOPLIST_FILE = YES;
				INFOPLIST_KEY_UIApplicationSceneManifest_Generation = YES;
				INFOPLIST_KEY_UIApplicationSupportsIndirectInputEvents = YES;
				INFOPLIST_KEY_UILaunchScreen_Generation = YES;
				INFOPLIST_KEY_UISupportedInterfaceOrientations_iPad = "UIInterfaceOrientationPortrait UIInterfaceOrientationPortraitUpsideDown UIInterfaceOrientationLandscapeLeft UIInterfaceOrientationLandscapeRight";
				INFOPLIST_KEY_UISupportedInterfaceOrientations_iPhone = "UIInterfaceOrientationPortrait UIInterfaceOrientationLandscapeLeft UIInterfaceOrientationLandscapeRight";
				LD_RUNPATH_SEARCH_PATHS = (
					"$(inherited)",
					"@executable_path/Frameworks",
				);
				MARKETING_VERSION = 1.0;
				PRODUCT_BUNDLE_IDENTIFIER = com.davidding.Smile;
				PRODUCT_NAME = "$(TARGET_NAME)";
				SWIFT_EMIT_LOC_STRINGS = YES;
				SWIFT_VERSION = 5.0;
				TARGETED_DEVICE_FAMILY = "1,2";
			};
			name = Debug;
		};
		090F42D02A67A5EA0035774E /* Release */ = {
			isa = XCBuildConfiguration;
			buildSettings = {
				ASSETCATALOG_COMPILER_APPICON_NAME = AppIcon;
				ASSETCATALOG_COMPILER_GLOBAL_ACCENT_COLOR_NAME = AccentColor;
				CODE_SIGN_STYLE = Automatic;
				CURRENT_PROJECT_VERSION = 1;
				DEVELOPMENT_ASSET_PATHS = "\"Smile/Preview Content\"";
				DEVELOPMENT_TEAM = C74JA4P6VX;
				ENABLE_PREVIEWS = YES;
				GENERATE_INFOPLIST_FILE = YES;
				INFOPLIST_KEY_UIApplicationSceneManifest_Generation = YES;
				INFOPLIST_KEY_UIApplicationSupportsIndirectInputEvents = YES;
				INFOPLIST_KEY_UILaunchScreen_Generation = YES;
				INFOPLIST_KEY_UISupportedInterfaceOrientations_iPad = "UIInterfaceOrientationPortrait UIInterfaceOrientationPortraitUpsideDown UIInterfaceOrientationLandscapeLeft UIInterfaceOrientationLandscapeRight";
				INFOPLIST_KEY_UISupportedInterfaceOrientations_iPhone = "UIInterfaceOrientationPortrait UIInterfaceOrientationLandscapeLeft UIInterfaceOrientationLandscapeRight";
				LD_RUNPATH_SEARCH_PATHS = (
					"$(inherited)",
					"@executable_path/Frameworks",
				);
				MARKETING_VERSION = 1.0;
				PRODUCT_BUNDLE_IDENTIFIER = com.davidding.Smile;
				PRODUCT_NAME = "$(TARGET_NAME)";
				SWIFT_EMIT_LOC_STRINGS = YES;
				SWIFT_VERSION = 5.0;
				TARGETED_DEVICE_FAMILY = "1,2";
			};
			name = Release;
		};
/* End XCBuildConfiguration section */

/* Begin XCConfigurationList section */
		090F42BB2A67A5E90035774E /* Build configuration list for PBXProject "Smile" */ = {
			isa = XCConfigurationList;
			buildConfigurations = (
				090F42CC2A67A5EA0035774E /* Debug */,
				090F42CD2A67A5EA0035774E /* Release */,
			);
			defaultConfigurationIsVisible = 0;
			defaultConfigurationName = Release;
		};
		090F42CE2A67A5EA0035774E /* Build configuration list for PBXNativeTarget "Smile" */ = {
			isa = XCConfigurationList;
			buildConfigurations = (
				090F42CF2A67A5EA0035774E /* Debug */,
				090F42D02A67A5EA0035774E /* Release */,
			);
			defaultConfigurationIsVisible = 0;
			defaultConfigurationName = Release;
		};
/* End XCConfigurationList section */

/* Begin XCRemoteSwiftPackageReference section */
		094627FC2C6346A400C8FE90 /* XCRemoteSwiftPackageReference "firebase-ios-sdk" */ = {
			isa = XCRemoteSwiftPackageReference;
			repositoryURL = "https://github.com/firebase/firebase-ios-sdk.git";
			requirement = {
				kind = upToNextMajorVersion;
				minimumVersion = 11.0.0;
			};
		};
/* End XCRemoteSwiftPackageReference section */

/* Begin XCSwiftPackageProductDependency section */
		0908AECA2C9B9C8900F13C0E /* FirebaseFirestore */ = {
			isa = XCSwiftPackageProductDependency;
			package = 094627FC2C6346A400C8FE90 /* XCRemoteSwiftPackageReference "firebase-ios-sdk" */;
			productName = FirebaseFirestore;
		};
		0908AECC2C9B9C9200F13C0E /* FirebaseStorage */ = {
			isa = XCSwiftPackageProductDependency;
			package = 094627FC2C6346A400C8FE90 /* XCRemoteSwiftPackageReference "firebase-ios-sdk" */;
			productName = FirebaseStorage;
		};
		094627FD2C6346A400C8FE90 /* FirebaseAnalytics */ = {
			isa = XCSwiftPackageProductDependency;
			package = 094627FC2C6346A400C8FE90 /* XCRemoteSwiftPackageReference "firebase-ios-sdk" */;
			productName = FirebaseAnalytics;
		};
		094627FF2C6346A400C8FE90 /* FirebaseAuth */ = {
			isa = XCSwiftPackageProductDependency;
			package = 094627FC2C6346A400C8FE90 /* XCRemoteSwiftPackageReference "firebase-ios-sdk" */;
			productName = FirebaseAuth;
		};
/* End XCSwiftPackageProductDependency section */
	};
	rootObject = 090F42B82A67A5E90035774E /* Project object */;
}
